<?xml version="1.0" encoding="utf-8"?>
<Project ToolsVersion="17.0" xmlns="http://schemas.microsoft.com/developer/msbuild/2003">
  <ItemGroup>
    <CustomBuild Include="E:\views\gcos\prog\cos\gcos_vm\build_vs2022\CMakeFiles\6c49e116e391d962483ed0683aa38d6b\test_all.rule">
      <Filter>CMake Rules</Filter>
    </CustomBuild>
    <CustomBuild Include="E:\views\gcos\prog\cos\eflash-master\CMakeLists.txt" />
  </ItemGroup>
  <ItemGroup>
    <None Include="E:\views\gcos\prog\cos\gcos_vm\build_vs2022\eflash-master\CMakeFiles\test_all" />
  </ItemGroup>
  <ItemGroup>
    <Filter Include="CMake Rules">
      <UniqueIdentifier>{1663237E-8E3B-36B4-AEFB-4B109A6E49F3}</UniqueIdentifier>
    </Filter>
  </ItemGroup>
</Project>
