
Microsoft Visual Studio Solution File, Format Version 12.00
# Visual Studio Version 17
Project("{8BC9CEB8-8B4A-11D0-8D11-00A0C91BC942}") = "ALL_BUILD", "ALL_BUILD.vcxproj", "{E5D7AB1B-EC23-3FF9-99C5-0752E8D38CDB}"
	ProjectSection(ProjectDependencies) = postProject
		{6BB36BC6-0106-385B-909E-E4B80F1AC4F8} = {6BB36BC6-0106-385B-909E-E4B80F1AC4F8}
		{1ACF1EDA-EE43-3440-B9BC-BFBF3283CE75} = {1ACF1EDA-EE43-3440-B9BC-BFBF3283CE75}
		{13CC8762-C801-3140-9CD4-73A30C569D7A} = {13CC8762-C801-3140-9CD4-73A30C569D7A}
		{A069AF57-C48D-357C-99EB-0F8D3288026C} = {A069AF57-C48D-357C-99EB-0F8D3288026C}
		{8A49FD05-8246-3E81-8FB9-E3A89FBB0A8A} = {8A49FD05-8246-3E81-8FB9-E3A89FBB0A8A}
		{D443412C-E476-3A08-BB81-311FDBA90F81} = {D443412C-E476-3A08-BB81-311FDBA90F81}
		{EA517FA4-390F-3B79-A9D9-A68187ED718B} = {EA517FA4-390F-3B79-A9D9-A68187ED718B}
		{B04C8E4E-C9CD-3027-B1F7-75B3AE221048} = {B04C8E4E-C9CD-3027-B1F7-75B3AE221048}
		{1BAC2E50-8993-38A9-9B17-D338CC9CF600} = {1BAC2E50-8993-38A9-9B17-D338CC9CF600}
		{C8BA3DC0-A1BF-368F-A9FD-62D89F2BAFEB} = {C8BA3DC0-A1BF-368F-A9FD-62D89F2BAFEB}
		{40738874-3845-3CAE-8034-33B5D7E9A7B1} = {40738874-3845-3CAE-8034-33B5D7E9A7B1}
		{A1C3F789-BA14-3450-84FF-9C584507F16E} = {A1C3F789-BA14-3450-84FF-9C584507F16E}
		{983DE19E-AB14-332F-8390-491B5305A0E4} = {983DE19E-AB14-332F-8390-491B5305A0E4}
		{CC971DE4-7124-336E-8623-4B072C818A6F} = {CC971DE4-7124-336E-8623-4B072C818A6F}
		{2EAF7AEF-6F61-3790-8999-DEB2375A226A} = {2EAF7AEF-6F61-3790-8999-DEB2375A226A}
		{E8A01FC8-ADC7-37D4-84BF-F03D1462C442} = {E8A01FC8-ADC7-37D4-84BF-F03D1462C442}
		{CD3870C5-DACF-3CF5-9880-C581BC032434} = {CD3870C5-DACF-3CF5-9880-C581BC032434}
		{57EC60A4-FB5E-328D-937C-E07625442D1B} = {57EC60A4-FB5E-328D-937C-E07625442D1B}
		{A3DB7230-E1AF-3F62-832C-085B518274AC} = {A3DB7230-E1AF-3F62-832C-085B518274AC}
	EndProjectSection
EndProject
Project("{8BC9CEB8-8B4A-11D0-8D11-00A0C91BC942}") = "INSTALL", "INSTALL.vcxproj", "{AFA5EAF9-B32F-3141-8144-B7DDA240ABD1}"
	ProjectSection(ProjectDependencies) = postProject
		{E5D7AB1B-EC23-3FF9-99C5-0752E8D38CDB} = {E5D7AB1B-EC23-3FF9-99C5-0752E8D38CDB}
		{6BB36BC6-0106-385B-909E-E4B80F1AC4F8} = {6BB36BC6-0106-385B-909E-E4B80F1AC4F8}
	EndProjectSection
EndProject
Project("{8BC9CEB8-8B4A-11D0-8D11-00A0C91BC942}") = "ZERO_CHECK", "ZERO_CHECK.vcxproj", "{6BB36BC6-0106-385B-909E-E4B80F1AC4F8}"
	ProjectSection(ProjectDependencies) = postProject
	EndProjectSection
EndProject
Project("{8BC9CEB8-8B4A-11D0-8D11-00A0C91BC942}") = "ecc_lib", "eflash-master\ecc_lib.vcxproj", "{1ACF1EDA-EE43-3440-B9BC-BFBF3283CE75}"
	ProjectSection(ProjectDependencies) = postProject
		{6BB36BC6-0106-385B-909E-E4B80F1AC4F8} = {6BB36BC6-0106-385B-909E-E4B80F1AC4F8}
	EndProjectSection
EndProject
Project("{8BC9CEB8-8B4A-11D0-8D11-00A0C91BC942}") = "eflash", "eflash-master\eflash.vcxproj", "{13CC8762-C801-3140-9CD4-73A30C569D7A}"
	ProjectSection(ProjectDependencies) = postProject
		{6BB36BC6-0106-385B-909E-E4B80F1AC4F8} = {6BB36BC6-0106-385B-909E-E4B80F1AC4F8}
		{1ACF1EDA-EE43-3440-B9BC-BFBF3283CE75} = {1ACF1EDA-EE43-3440-B9BC-BFBF3283CE75}
	EndProjectSection
EndProject
Project("{8BC9CEB8-8B4A-11D0-8D11-00A0C91BC942}") = "eflash_ftl_tests", "eflash-master\eflash_ftl_tests.vcxproj", "{A069AF57-C48D-357C-99EB-0F8D3288026C}"
	ProjectSection(ProjectDependencies) = postProject
		{6BB36BC6-0106-385B-909E-E4B80F1AC4F8} = {6BB36BC6-0106-385B-909E-E4B80F1AC4F8}
	EndProjectSection
EndProject
Project("{8BC9CEB8-8B4A-11D0-8D11-00A0C91BC942}") = "eflash_ftl_tests_extension", "eflash-master\eflash_ftl_tests_extension.vcxproj", "{8A49FD05-8246-3E81-8FB9-E3A89FBB0A8A}"
	ProjectSection(ProjectDependencies) = postProject
		{6BB36BC6-0106-385B-909E-E4B80F1AC4F8} = {6BB36BC6-0106-385B-909E-E4B80F1AC4F8}
	EndProjectSection
EndProject
Project("{8BC9CEB8-8B4A-11D0-8D11-00A0C91BC942}") = "example_simple", "eflash-master\example_simple.vcxproj", "{D443412C-E476-3A08-BB81-311FDBA90F81}"
	ProjectSection(ProjectDependencies) = postProject
		{6BB36BC6-0106-385B-909E-E4B80F1AC4F8} = {6BB36BC6-0106-385B-909E-E4B80F1AC4F8}
		{1ACF1EDA-EE43-3440-B9BC-BFBF3283CE75} = {1ACF1EDA-EE43-3440-B9BC-BFBF3283CE75}
		{13CC8762-C801-3140-9CD4-73A30C569D7A} = {13CC8762-C801-3140-9CD4-73A30C569D7A}
	EndProjectSection
EndProject
Project("{8BC9CEB8-8B4A-11D0-8D11-00A0C91BC942}") = "gcos_demo", "gcos_demo.vcxproj", "{EA517FA4-390F-3B79-A9D9-A68187ED718B}"
	ProjectSection(ProjectDependencies) = postProject
		{6BB36BC6-0106-385B-909E-E4B80F1AC4F8} = {6BB36BC6-0106-385B-909E-E4B80F1AC4F8}
		{1ACF1EDA-EE43-3440-B9BC-BFBF3283CE75} = {1ACF1EDA-EE43-3440-B9BC-BFBF3283CE75}
		{13CC8762-C801-3140-9CD4-73A30C569D7A} = {13CC8762-C801-3140-9CD4-73A30C569D7A}
		{A3DB7230-E1AF-3F62-832C-085B518274AC} = {A3DB7230-E1AF-3F62-832C-085B518274AC}
	EndProjectSection
EndProject
Project("{8BC9CEB8-8B4A-11D0-8D11-00A0C91BC942}") = "test_aid_prefix_match", "test_aid_prefix_match.vcxproj", "{B04C8E4E-C9CD-3027-B1F7-75B3AE221048}"
	ProjectSection(ProjectDependencies) = postProject
		{6BB36BC6-0106-385B-909E-E4B80F1AC4F8} = {6BB36BC6-0106-385B-909E-E4B80F1AC4F8}
		{1ACF1EDA-EE43-3440-B9BC-BFBF3283CE75} = {1ACF1EDA-EE43-3440-B9BC-BFBF3283CE75}
		{13CC8762-C801-3140-9CD4-73A30C569D7A} = {13CC8762-C801-3140-9CD4-73A30C569D7A}
		{A3DB7230-E1AF-3F62-832C-085B518274AC} = {A3DB7230-E1AF-3F62-832C-085B518274AC}
	EndProjectSection
EndProject
Project("{8BC9CEB8-8B4A-11D0-8D11-00A0C91BC942}") = "test_all", "eflash-master\test_all.vcxproj", "{E2C0CAEE-3068-3DB0-973F-51FB4CD15710}"
	ProjectSection(ProjectDependencies) = postProject
		{6BB36BC6-0106-385B-909E-E4B80F1AC4F8} = {6BB36BC6-0106-385B-909E-E4B80F1AC4F8}
		{A069AF57-C48D-357C-99EB-0F8D3288026C} = {A069AF57-C48D-357C-99EB-0F8D3288026C}
		{8A49FD05-8246-3E81-8FB9-E3A89FBB0A8A} = {8A49FD05-8246-3E81-8FB9-E3A89FBB0A8A}
	EndProjectSection
EndProject
Project("{8BC9CEB8-8B4A-11D0-8D11-00A0C91BC942}") = "test_app_manager", "test_app_manager.vcxproj", "{1BAC2E50-8993-38A9-9B17-D338CC9CF600}"
	ProjectSection(ProjectDependencies) = postProject
		{6BB36BC6-0106-385B-909E-E4B80F1AC4F8} = {6BB36BC6-0106-385B-909E-E4B80F1AC4F8}
		{1ACF1EDA-EE43-3440-B9BC-BFBF3283CE75} = {1ACF1EDA-EE43-3440-B9BC-BFBF3283CE75}
		{13CC8762-C801-3140-9CD4-73A30C569D7A} = {13CC8762-C801-3140-9CD4-73A30C569D7A}
		{A3DB7230-E1AF-3F62-832C-085B518274AC} = {A3DB7230-E1AF-3F62-832C-085B518274AC}
	EndProjectSection
EndProject
Project("{8BC9CEB8-8B4A-11D0-8D11-00A0C91BC942}") = "test_app_metadata", "test_app_metadata.vcxproj", "{C8BA3DC0-A1BF-368F-A9FD-62D89F2BAFEB}"
	ProjectSection(ProjectDependencies) = postProject
		{6BB36BC6-0106-385B-909E-E4B80F1AC4F8} = {6BB36BC6-0106-385B-909E-E4B80F1AC4F8}
		{1ACF1EDA-EE43-3440-B9BC-BFBF3283CE75} = {1ACF1EDA-EE43-3440-B9BC-BFBF3283CE75}
		{13CC8762-C801-3140-9CD4-73A30C569D7A} = {13CC8762-C801-3140-9CD4-73A30C569D7A}
		{A3DB7230-E1AF-3F62-832C-085B518274AC} = {A3DB7230-E1AF-3F62-832C-085B518274AC}
	EndProjectSection
EndProject
Project("{8BC9CEB8-8B4A-11D0-8D11-00A0C91BC942}") = "test_basic", "test_basic.vcxproj", "{40738874-3845-3CAE-8034-33B5D7E9A7B1}"
	ProjectSection(ProjectDependencies) = postProject
		{6BB36BC6-0106-385B-909E-E4B80F1AC4F8} = {6BB36BC6-0106-385B-909E-E4B80F1AC4F8}
		{1ACF1EDA-EE43-3440-B9BC-BFBF3283CE75} = {1ACF1EDA-EE43-3440-B9BC-BFBF3283CE75}
		{13CC8762-C801-3140-9CD4-73A30C569D7A} = {13CC8762-C801-3140-9CD4-73A30C569D7A}
		{A3DB7230-E1AF-3F62-832C-085B518274AC} = {A3DB7230-E1AF-3F62-832C-085B518274AC}
	EndProjectSection
EndProject
Project("{8BC9CEB8-8B4A-11D0-8D11-00A0C91BC942}") = "test_gcos_vm_simple", "test_gcos_vm_simple.vcxproj", "{A1C3F789-BA14-3450-84FF-9C584507F16E}"
	ProjectSection(ProjectDependencies) = postProject
		{6BB36BC6-0106-385B-909E-E4B80F1AC4F8} = {6BB36BC6-0106-385B-909E-E4B80F1AC4F8}
		{1ACF1EDA-EE43-3440-B9BC-BFBF3283CE75} = {1ACF1EDA-EE43-3440-B9BC-BFBF3283CE75}
		{13CC8762-C801-3140-9CD4-73A30C569D7A} = {13CC8762-C801-3140-9CD4-73A30C569D7A}
		{A3DB7230-E1AF-3F62-832C-085B518274AC} = {A3DB7230-E1AF-3F62-832C-085B518274AC}
	EndProjectSection
EndProject
Project("{8BC9CEB8-8B4A-11D0-8D11-00A0C91BC942}") = "test_jcshell_client", "test_jcshell_client.vcxproj", "{983DE19E-AB14-332F-8390-491B5305A0E4}"
	ProjectSection(ProjectDependencies) = postProject
		{6BB36BC6-0106-385B-909E-E4B80F1AC4F8} = {6BB36BC6-0106-385B-909E-E4B80F1AC4F8}
	EndProjectSection
EndProject
Project("{8BC9CEB8-8B4A-11D0-8D11-00A0C91BC942}") = "test_jcshell_server", "test_jcshell_server.vcxproj", "{CC971DE4-7124-336E-8623-4B072C818A6F}"
	ProjectSection(ProjectDependencies) = postProject
		{6BB36BC6-0106-385B-909E-E4B80F1AC4F8} = {6BB36BC6-0106-385B-909E-E4B80F1AC4F8}
		{1ACF1EDA-EE43-3440-B9BC-BFBF3283CE75} = {1ACF1EDA-EE43-3440-B9BC-BFBF3283CE75}
		{13CC8762-C801-3140-9CD4-73A30C569D7A} = {13CC8762-C801-3140-9CD4-73A30C569D7A}
		{A3DB7230-E1AF-3F62-832C-085B518274AC} = {A3DB7230-E1AF-3F62-832C-085B518274AC}
	EndProjectSection
EndProject
Project("{8BC9CEB8-8B4A-11D0-8D11-00A0C91BC942}") = "test_load_command", "test_load_command.vcxproj", "{2EAF7AEF-6F61-3790-8999-DEB2375A226A}"
	ProjectSection(ProjectDependencies) = postProject
		{6BB36BC6-0106-385B-909E-E4B80F1AC4F8} = {6BB36BC6-0106-385B-909E-E4B80F1AC4F8}
		{1ACF1EDA-EE43-3440-B9BC-BFBF3283CE75} = {1ACF1EDA-EE43-3440-B9BC-BFBF3283CE75}
		{13CC8762-C801-3140-9CD4-73A30C569D7A} = {13CC8762-C801-3140-9CD4-73A30C569D7A}
		{A3DB7230-E1AF-3F62-832C-085B518274AC} = {A3DB7230-E1AF-3F62-832C-085B518274AC}
	EndProjectSection
EndProject
Project("{8BC9CEB8-8B4A-11D0-8D11-00A0C91BC942}") = "test_persistence", "test_persistence.vcxproj", "{E8A01FC8-ADC7-37D4-84BF-F03D1462C442}"
	ProjectSection(ProjectDependencies) = postProject
		{6BB36BC6-0106-385B-909E-E4B80F1AC4F8} = {6BB36BC6-0106-385B-909E-E4B80F1AC4F8}
		{1ACF1EDA-EE43-3440-B9BC-BFBF3283CE75} = {1ACF1EDA-EE43-3440-B9BC-BFBF3283CE75}
		{13CC8762-C801-3140-9CD4-73A30C569D7A} = {13CC8762-C801-3140-9CD4-73A30C569D7A}
		{A3DB7230-E1AF-3F62-832C-085B518274AC} = {A3DB7230-E1AF-3F62-832C-085B518274AC}
	EndProjectSection
EndProject
Project("{8BC9CEB8-8B4A-11D0-8D11-00A0C91BC942}") = "test_select_command", "test_select_command.vcxproj", "{CD3870C5-DACF-3CF5-9880-C581BC032434}"
	ProjectSection(ProjectDependencies) = postProject
		{6BB36BC6-0106-385B-909E-E4B80F1AC4F8} = {6BB36BC6-0106-385B-909E-E4B80F1AC4F8}
		{1ACF1EDA-EE43-3440-B9BC-BFBF3283CE75} = {1ACF1EDA-EE43-3440-B9BC-BFBF3283CE75}
		{13CC8762-C801-3140-9CD4-73A30C569D7A} = {13CC8762-C801-3140-9CD4-73A30C569D7A}
		{A3DB7230-E1AF-3F62-832C-085B518274AC} = {A3DB7230-E1AF-3F62-832C-085B518274AC}
	EndProjectSection
EndProject
Project("{8BC9CEB8-8B4A-11D0-8D11-00A0C91BC942}") = "test_tlp224", "test_tlp224.vcxproj", "{57EC60A4-FB5E-328D-937C-E07625442D1B}"
	ProjectSection(ProjectDependencies) = postProject
		{6BB36BC6-0106-385B-909E-E4B80F1AC4F8} = {6BB36BC6-0106-385B-909E-E4B80F1AC4F8}
	EndProjectSection
EndProject
Project("{8BC9CEB8-8B4A-11D0-8D11-00A0C91BC942}") = "vm_core", "vm_core.vcxproj", "{A3DB7230-E1AF-3F62-832C-085B518274AC}"
	ProjectSection(ProjectDependencies) = postProject
		{6BB36BC6-0106-385B-909E-E4B80F1AC4F8} = {6BB36BC6-0106-385B-909E-E4B80F1AC4F8}
		{1ACF1EDA-EE43-3440-B9BC-BFBF3283CE75} = {1ACF1EDA-EE43-3440-B9BC-BFBF3283CE75}
		{13CC8762-C801-3140-9CD4-73A30C569D7A} = {13CC8762-C801-3140-9CD4-73A30C569D7A}
	EndProjectSection
EndProject
Global
	GlobalSection(SolutionConfigurationPlatforms) = preSolution
		Debug|x64 = Debug|x64
		Release|x64 = Release|x64
		MinSizeRel|x64 = MinSizeRel|x64
		RelWithDebInfo|x64 = RelWithDebInfo|x64
	EndGlobalSection
	GlobalSection(ProjectConfigurationPlatforms) = postSolution
		{E5D7AB1B-EC23-3FF9-99C5-0752E8D38CDB}.Debug|x64.ActiveCfg = Debug|x64
		{E5D7AB1B-EC23-3FF9-99C5-0752E8D38CDB}.Debug|x64.Build.0 = Debug|x64
		{E5D7AB1B-EC23-3FF9-99C5-0752E8D38CDB}.Release|x64.ActiveCfg = Release|x64
		{E5D7AB1B-EC23-3FF9-99C5-0752E8D38CDB}.Release|x64.Build.0 = Release|x64
		{E5D7AB1B-EC23-3FF9-99C5-0752E8D38CDB}.MinSizeRel|x64.ActiveCfg = MinSizeRel|x64
		{E5D7AB1B-EC23-3FF9-99C5-0752E8D38CDB}.MinSizeRel|x64.Build.0 = MinSizeRel|x64
		{E5D7AB1B-EC23-3FF9-99C5-0752E8D38CDB}.RelWithDebInfo|x64.ActiveCfg = RelWithDebInfo|x64
		{E5D7AB1B-EC23-3FF9-99C5-0752E8D38CDB}.RelWithDebInfo|x64.Build.0 = RelWithDebInfo|x64
		{AFA5EAF9-B32F-3141-8144-B7DDA240ABD1}.Debug|x64.ActiveCfg = Debug|x64
		{AFA5EAF9-B32F-3141-8144-B7DDA240ABD1}.Release|x64.ActiveCfg = Release|x64
		{AFA5EAF9-B32F-3141-8144-B7DDA240ABD1}.MinSizeRel|x64.ActiveCfg = MinSizeRel|x64
		{AFA5EAF9-B32F-3141-8144-B7DDA240ABD1}.RelWithDebInfo|x64.ActiveCfg = RelWithDebInfo|x64
		{6BB36BC6-0106-385B-909E-E4B80F1AC4F8}.Debug|x64.ActiveCfg = Debug|x64
		{6BB36BC6-0106-385B-909E-E4B80F1AC4F8}.Debug|x64.Build.0 = Debug|x64
		{6BB36BC6-0106-385B-909E-E4B80F1AC4F8}.Release|x64.ActiveCfg = Release|x64
		{6BB36BC6-0106-385B-909E-E4B80F1AC4F8}.Release|x64.Build.0 = Release|x64
		{6BB36BC6-0106-385B-909E-E4B80F1AC4F8}.MinSizeRel|x64.ActiveCfg = MinSizeRel|x64
		{6BB36BC6-0106-385B-909E-E4B80F1AC4F8}.MinSizeRel|x64.Build.0 = MinSizeRel|x64
		{6BB36BC6-0106-385B-909E-E4B80F1AC4F8}.RelWithDebInfo|x64.ActiveCfg = RelWithDebInfo|x64
		{6BB36BC6-0106-385B-909E-E4B80F1AC4F8}.RelWithDebInfo|x64.Build.0 = RelWithDebInfo|x64
		{1ACF1EDA-EE43-3440-B9BC-BFBF3283CE75}.Debug|x64.ActiveCfg = Debug|x64
		{1ACF1EDA-EE43-3440-B9BC-BFBF3283CE75}.Debug|x64.Build.0 = Debug|x64
		{1ACF1EDA-EE43-3440-B9BC-BFBF3283CE75}.Release|x64.ActiveCfg = Release|x64
		{1ACF1EDA-EE43-3440-B9BC-BFBF3283CE75}.Release|x64.Build.0 = Release|x64
		{1ACF1EDA-EE43-3440-B9BC-BFBF3283CE75}.MinSizeRel|x64.ActiveCfg = MinSizeRel|x64
		{1ACF1EDA-EE43-3440-B9BC-BFBF3283CE75}.MinSizeRel|x64.Build.0 = MinSizeRel|x64
		{1ACF1EDA-EE43-3440-B9BC-BFBF3283CE75}.RelWithDebInfo|x64.ActiveCfg = RelWithDebInfo|x64
		{1ACF1EDA-EE43-3440-B9BC-BFBF3283CE75}.RelWithDebInfo|x64.Build.0 = RelWithDebInfo|x64
		{13CC8762-C801-3140-9CD4-73A30C569D7A}.Debug|x64.ActiveCfg = Debug|x64
		{13CC8762-C801-3140-9CD4-73A30C569D7A}.Debug|x64.Build.0 = Debug|x64
		{13CC8762-C801-3140-9CD4-73A30C569D7A}.Release|x64.ActiveCfg = Release|x64
		{13CC8762-C801-3140-9CD4-73A30C569D7A}.Release|x64.Build.0 = Release|x64
		{13CC8762-C801-3140-9CD4-73A30C569D7A}.MinSizeRel|x64.ActiveCfg = MinSizeRel|x64
		{13CC8762-C801-3140-9CD4-73A30C569D7A}.MinSizeRel|x64.Build.0 = MinSizeRel|x64
		{13CC8762-C801-3140-9CD4-73A30C569D7A}.RelWithDebInfo|x64.ActiveCfg = RelWithDebInfo|x64
		{13CC8762-C801-3140-9CD4-73A30C569D7A}.RelWithDebInfo|x64.Build.0 = RelWithDebInfo|x64
		{A069AF57-C48D-357C-99EB-0F8D3288026C}.Debug|x64.ActiveCfg = Debug|x64
		{A069AF57-C48D-357C-99EB-0F8D3288026C}.Debug|x64.Build.0 = Debug|x64
		{A069AF57-C48D-357C-99EB-0F8D3288026C}.Release|x64.ActiveCfg = Release|x64
		{A069AF57-C48D-357C-99EB-0F8D3288026C}.Release|x64.Build.0 = Release|x64
		{A069AF57-C48D-357C-99EB-0F8D3288026C}.MinSizeRel|x64.ActiveCfg = MinSizeRel|x64
		{A069AF57-C48D-357C-99EB-0F8D3288026C}.MinSizeRel|x64.Build.0 = MinSizeRel|x64
		{A069AF57-C48D-357C-99EB-0F8D3288026C}.RelWithDebInfo|x64.ActiveCfg = RelWithDebInfo|x64
		{A069AF57-C48D-357C-99EB-0F8D3288026C}.RelWithDebInfo|x64.Build.0 = RelWithDebInfo|x64
		{8A49FD05-8246-3E81-8FB9-E3A89FBB0A8A}.Debug|x64.ActiveCfg = Debug|x64
		{8A49FD05-8246-3E81-8FB9-E3A89FBB0A8A}.Debug|x64.Build.0 = Debug|x64
		{8A49FD05-8246-3E81-8FB9-E3A89FBB0A8A}.Release|x64.ActiveCfg = Release|x64
		{8A49FD05-8246-3E81-8FB9-E3A89FBB0A8A}.Release|x64.Build.0 = Release|x64
		{8A49FD05-8246-3E81-8FB9-E3A89FBB0A8A}.MinSizeRel|x64.ActiveCfg = MinSizeRel|x64
		{8A49FD05-8246-3E81-8FB9-E3A89FBB0A8A}.MinSizeRel|x64.Build.0 = MinSizeRel|x64
		{8A49FD05-8246-3E81-8FB9-E3A89FBB0A8A}.RelWithDebInfo|x64.ActiveCfg = RelWithDebInfo|x64
		{8A49FD05-8246-3E81-8FB9-E3A89FBB0A8A}.RelWithDebInfo|x64.Build.0 = RelWithDebInfo|x64
		{D443412C-E476-3A08-BB81-311FDBA90F81}.Debug|x64.ActiveCfg = Debug|x64
		{D443412C-E476-3A08-BB81-311FDBA90F81}.Debug|x64.Build.0 = Debug|x64
		{D443412C-E476-3A08-BB81-311FDBA90F81}.Release|x64.ActiveCfg = Release|x64
		{D443412C-E476-3A08-BB81-311FDBA90F81}.Release|x64.Build.0 = Release|x64
		{D443412C-E476-3A08-BB81-311FDBA90F81}.MinSizeRel|x64.ActiveCfg = MinSizeRel|x64
		{D443412C-E476-3A08-BB81-311FDBA90F81}.MinSizeRel|x64.Build.0 = MinSizeRel|x64
		{D443412C-E476-3A08-BB81-311FDBA90F81}.RelWithDebInfo|x64.ActiveCfg = RelWithDebInfo|x64
		{D443412C-E476-3A08-BB81-311FDBA90F81}.RelWithDebInfo|x64.Build.0 = RelWithDebInfo|x64
		{EA517FA4-390F-3B79-A9D9-A68187ED718B}.Debug|x64.ActiveCfg = Debug|x64
		{EA517FA4-390F-3B79-A9D9-A68187ED718B}.Debug|x64.Build.0 = Debug|x64
		{EA517FA4-390F-3B79-A9D9-A68187ED718B}.Release|x64.ActiveCfg = Release|x64
		{EA517FA4-390F-3B79-A9D9-A68187ED718B}.Release|x64.Build.0 = Release|x64
		{EA517FA4-390F-3B79-A9D9-A68187ED718B}.MinSizeRel|x64.ActiveCfg = MinSizeRel|x64
		{EA517FA4-390F-3B79-A9D9-A68187ED718B}.MinSizeRel|x64.Build.0 = MinSizeRel|x64
		{EA517FA4-390F-3B79-A9D9-A68187ED718B}.RelWithDebInfo|x64.ActiveCfg = RelWithDebInfo|x64
		{EA517FA4-390F-3B79-A9D9-A68187ED718B}.RelWithDebInfo|x64.Build.0 = RelWithDebInfo|x64
		{B04C8E4E-C9CD-3027-B1F7-75B3AE221048}.Debug|x64.ActiveCfg = Debug|x64
		{B04C8E4E-C9CD-3027-B1F7-75B3AE221048}.Debug|x64.Build.0 = Debug|x64
		{B04C8E4E-C9CD-3027-B1F7-75B3AE221048}.Release|x64.ActiveCfg = Release|x64
		{B04C8E4E-C9CD-3027-B1F7-75B3AE221048}.Release|x64.Build.0 = Release|x64
		{B04C8E4E-C9CD-3027-B1F7-75B3AE221048}.MinSizeRel|x64.ActiveCfg = MinSizeRel|x64
		{B04C8E4E-C9CD-3027-B1F7-75B3AE221048}.MinSizeRel|x64.Build.0 = MinSizeRel|x64
		{B04C8E4E-C9CD-3027-B1F7-75B3AE221048}.RelWithDebInfo|x64.ActiveCfg = RelWithDebInfo|x64
		{B04C8E4E-C9CD-3027-B1F7-75B3AE221048}.RelWithDebInfo|x64.Build.0 = RelWithDebInfo|x64
		{E2C0CAEE-3068-3DB0-973F-51FB4CD15710}.Debug|x64.ActiveCfg = Debug|x64
		{E2C0CAEE-3068-3DB0-973F-51FB4CD15710}.Release|x64.ActiveCfg = Release|x64
		{E2C0CAEE-3068-3DB0-973F-51FB4CD15710}.MinSizeRel|x64.ActiveCfg = MinSizeRel|x64
		{E2C0CAEE-3068-3DB0-973F-51FB4CD15710}.RelWithDebInfo|x64.ActiveCfg = RelWithDebInfo|x64
		{1BAC2E50-8993-38A9-9B17-D338CC9CF600}.Debug|x64.ActiveCfg = Debug|x64
		{1BAC2E50-8993-38A9-9B17-D338CC9CF600}.Debug|x64.Build.0 = Debug|x64
		{1BAC2E50-8993-38A9-9B17-D338CC9CF600}.Release|x64.ActiveCfg = Release|x64
		{1BAC2E50-8993-38A9-9B17-D338CC9CF600}.Release|x64.Build.0 = Release|x64
		{1BAC2E50-8993-38A9-9B17-D338CC9CF600}.MinSizeRel|x64.ActiveCfg = MinSizeRel|x64
		{1BAC2E50-8993-38A9-9B17-D338CC9CF600}.MinSizeRel|x64.Build.0 = MinSizeRel|x64
		{1BAC2E50-8993-38A9-9B17-D338CC9CF600}.RelWithDebInfo|x64.ActiveCfg = RelWithDebInfo|x64
		{1BAC2E50-8993-38A9-9B17-D338CC9CF600}.RelWithDebInfo|x64.Build.0 = RelWithDebInfo|x64
		{C8BA3DC0-A1BF-368F-A9FD-62D89F2BAFEB}.Debug|x64.ActiveCfg = Debug|x64
		{C8BA3DC0-A1BF-368F-A9FD-62D89F2BAFEB}.Debug|x64.Build.0 = Debug|x64
		{C8BA3DC0-A1BF-368F-A9FD-62D89F2BAFEB}.Release|x64.ActiveCfg = Release|x64
		{C8BA3DC0-A1BF-368F-A9FD-62D89F2BAFEB}.Release|x64.Build.0 = Release|x64
		{C8BA3DC0-A1BF-368F-A9FD-62D89F2BAFEB}.MinSizeRel|x64.ActiveCfg = MinSizeRel|x64
		{C8BA3DC0-A1BF-368F-A9FD-62D89F2BAFEB}.MinSizeRel|x64.Build.0 = MinSizeRel|x64
		{C8BA3DC0-A1BF-368F-A9FD-62D89F2BAFEB}.RelWithDebInfo|x64.ActiveCfg = RelWithDebInfo|x64
		{C8BA3DC0-A1BF-368F-A9FD-62D89F2BAFEB}.RelWithDebInfo|x64.Build.0 = RelWithDebInfo|x64
		{40738874-3845-3CAE-8034-33B5D7E9A7B1}.Debug|x64.ActiveCfg = Debug|x64
		{40738874-3845-3CAE-8034-33B5D7E9A7B1}.Debug|x64.Build.0 = Debug|x64
		{40738874-3845-3CAE-8034-33B5D7E9A7B1}.Release|x64.ActiveCfg = Release|x64
		{40738874-3845-3CAE-8034-33B5D7E9A7B1}.Release|x64.Build.0 = Release|x64
		{40738874-3845-3CAE-8034-33B5D7E9A7B1}.MinSizeRel|x64.ActiveCfg = MinSizeRel|x64
		{40738874-3845-3CAE-8034-33B5D7E9A7B1}.MinSizeRel|x64.Build.0 = MinSizeRel|x64
		{40738874-3845-3CAE-8034-33B5D7E9A7B1}.RelWithDebInfo|x64.ActiveCfg = RelWithDebInfo|x64
		{40738874-3845-3CAE-8034-33B5D7E9A7B1}.RelWithDebInfo|x64.Build.0 = RelWithDebInfo|x64
		{A1C3F789-BA14-3450-84FF-9C584507F16E}.Debug|x64.ActiveCfg = Debug|x64
		{A1C3F789-BA14-3450-84FF-9C584507F16E}.Debug|x64.Build.0 = Debug|x64
		{A1C3F789-BA14-3450-84FF-9C584507F16E}.Release|x64.ActiveCfg = Release|x64
		{A1C3F789-BA14-3450-84FF-9C584507F16E}.Release|x64.Build.0 = Release|x64
		{A1C3F789-BA14-3450-84FF-9C584507F16E}.MinSizeRel|x64.ActiveCfg = MinSizeRel|x64
		{A1C3F789-BA14-3450-84FF-9C584507F16E}.MinSizeRel|x64.Build.0 = MinSizeRel|x64
		{A1C3F789-BA14-3450-84FF-9C584507F16E}.RelWithDebInfo|x64.ActiveCfg = RelWithDebInfo|x64
		{A1C3F789-BA14-3450-84FF-9C584507F16E}.RelWithDebInfo|x64.Build.0 = RelWithDebInfo|x64
		{983DE19E-AB14-332F-8390-491B5305A0E4}.Debug|x64.ActiveCfg = Debug|x64
		{983DE19E-AB14-332F-8390-491B5305A0E4}.Debug|x64.Build.0 = Debug|x64
		{983DE19E-AB14-332F-8390-491B5305A0E4}.Release|x64.ActiveCfg = Release|x64
		{983DE19E-AB14-332F-8390-491B5305A0E4}.Release|x64.Build.0 = Release|x64
		{983DE19E-AB14-332F-8390-491B5305A0E4}.MinSizeRel|x64.ActiveCfg = MinSizeRel|x64
		{983DE19E-AB14-332F-8390-491B5305A0E4}.MinSizeRel|x64.Build.0 = MinSizeRel|x64
		{983DE19E-AB14-332F-8390-491B5305A0E4}.RelWithDebInfo|x64.ActiveCfg = RelWithDebInfo|x64
		{983DE19E-AB14-332F-8390-491B5305A0E4}.RelWithDebInfo|x64.Build.0 = RelWithDebInfo|x64
		{CC971DE4-7124-336E-8623-4B072C818A6F}.Debug|x64.ActiveCfg = Debug|x64
		{CC971DE4-7124-336E-8623-4B072C818A6F}.Debug|x64.Build.0 = Debug|x64
		{CC971DE4-7124-336E-8623-4B072C818A6F}.Release|x64.ActiveCfg = Release|x64
		{CC971DE4-7124-336E-8623-4B072C818A6F}.Release|x64.Build.0 = Release|x64
		{CC971DE4-7124-336E-8623-4B072C818A6F}.MinSizeRel|x64.ActiveCfg = MinSizeRel|x64
		{CC971DE4-7124-336E-8623-4B072C818A6F}.MinSizeRel|x64.Build.0 = MinSizeRel|x64
		{CC971DE4-7124-336E-8623-4B072C818A6F}.RelWithDebInfo|x64.ActiveCfg = RelWithDebInfo|x64
		{CC971DE4-7124-336E-8623-4B072C818A6F}.RelWithDebInfo|x64.Build.0 = RelWithDebInfo|x64
		{2EAF7AEF-6F61-3790-8999-DEB2375A226A}.Debug|x64.ActiveCfg = Debug|x64
		{2EAF7AEF-6F61-3790-8999-DEB2375A226A}.Debug|x64.Build.0 = Debug|x64
		{2EAF7AEF-6F61-3790-8999-DEB2375A226A}.Release|x64.ActiveCfg = Release|x64
		{2EAF7AEF-6F61-3790-8999-DEB2375A226A}.Release|x64.Build.0 = Release|x64
		{2EAF7AEF-6F61-3790-8999-DEB2375A226A}.MinSizeRel|x64.ActiveCfg = MinSizeRel|x64
		{2EAF7AEF-6F61-3790-8999-DEB2375A226A}.MinSizeRel|x64.Build.0 = MinSizeRel|x64
		{2EAF7AEF-6F61-3790-8999-DEB2375A226A}.RelWithDebInfo|x64.ActiveCfg = RelWithDebInfo|x64
		{2EAF7AEF-6F61-3790-8999-DEB2375A226A}.RelWithDebInfo|x64.Build.0 = RelWithDebInfo|x64
		{E8A01FC8-ADC7-37D4-84BF-F03D1462C442}.Debug|x64.ActiveCfg = Debug|x64
		{E8A01FC8-ADC7-37D4-84BF-F03D1462C442}.Debug|x64.Build.0 = Debug|x64
		{E8A01FC8-ADC7-37D4-84BF-F03D1462C442}.Release|x64.ActiveCfg = Release|x64
		{E8A01FC8-ADC7-37D4-84BF-F03D1462C442}.Release|x64.Build.0 = Release|x64
		{E8A01FC8-ADC7-37D4-84BF-F03D1462C442}.MinSizeRel|x64.ActiveCfg = MinSizeRel|x64
		{E8A01FC8-ADC7-37D4-84BF-F03D1462C442}.MinSizeRel|x64.Build.0 = MinSizeRel|x64
		{E8A01FC8-ADC7-37D4-84BF-F03D1462C442}.RelWithDebInfo|x64.ActiveCfg = RelWithDebInfo|x64
		{E8A01FC8-ADC7-37D4-84BF-F03D1462C442}.RelWithDebInfo|x64.Build.0 = RelWithDebInfo|x64
		{CD3870C5-DACF-3CF5-9880-C581BC032434}.Debug|x64.ActiveCfg = Debug|x64
		{CD3870C5-DACF-3CF5-9880-C581BC032434}.Debug|x64.Build.0 = Debug|x64
		{CD3870C5-DACF-3CF5-9880-C581BC032434}.Release|x64.ActiveCfg = Release|x64
		{CD3870C5-DACF-3CF5-9880-C581BC032434}.Release|x64.Build.0 = Release|x64
		{CD3870C5-DACF-3CF5-9880-C581BC032434}.MinSizeRel|x64.ActiveCfg = MinSizeRel|x64
		{CD3870C5-DACF-3CF5-9880-C581BC032434}.MinSizeRel|x64.Build.0 = MinSizeRel|x64
		{CD3870C5-DACF-3CF5-9880-C581BC032434}.RelWithDebInfo|x64.ActiveCfg = RelWithDebInfo|x64
		{CD3870C5-DACF-3CF5-9880-C581BC032434}.RelWithDebInfo|x64.Build.0 = RelWithDebInfo|x64
		{57EC60A4-FB5E-328D-937C-E07625442D1B}.Debug|x64.ActiveCfg = Debug|x64
		{57EC60A4-FB5E-328D-937C-E07625442D1B}.Debug|x64.Build.0 = Debug|x64
		{57EC60A4-FB5E-328D-937C-E07625442D1B}.Release|x64.ActiveCfg = Release|x64
		{57EC60A4-FB5E-328D-937C-E07625442D1B}.Release|x64.Build.0 = Release|x64
		{57EC60A4-FB5E-328D-937C-E07625442D1B}.MinSizeRel|x64.ActiveCfg = MinSizeRel|x64
		{57EC60A4-FB5E-328D-937C-E07625442D1B}.MinSizeRel|x64.Build.0 = MinSizeRel|x64
		{57EC60A4-FB5E-328D-937C-E07625442D1B}.RelWithDebInfo|x64.ActiveCfg = RelWithDebInfo|x64
		{57EC60A4-FB5E-328D-937C-E07625442D1B}.RelWithDebInfo|x64.Build.0 = RelWithDebInfo|x64
		{A3DB7230-E1AF-3F62-832C-085B518274AC}.Debug|x64.ActiveCfg = Debug|x64
		{A3DB7230-E1AF-3F62-832C-085B518274AC}.Debug|x64.Build.0 = Debug|x64
		{A3DB7230-E1AF-3F62-832C-085B518274AC}.Release|x64.ActiveCfg = Release|x64
		{A3DB7230-E1AF-3F62-832C-085B518274AC}.Release|x64.Build.0 = Release|x64
		{A3DB7230-E1AF-3F62-832C-085B518274AC}.MinSizeRel|x64.ActiveCfg = MinSizeRel|x64
		{A3DB7230-E1AF-3F62-832C-085B518274AC}.MinSizeRel|x64.Build.0 = MinSizeRel|x64
		{A3DB7230-E1AF-3F62-832C-085B518274AC}.RelWithDebInfo|x64.ActiveCfg = RelWithDebInfo|x64
		{A3DB7230-E1AF-3F62-832C-085B518274AC}.RelWithDebInfo|x64.Build.0 = RelWithDebInfo|x64
	EndGlobalSection
	GlobalSection(ExtensibilityGlobals) = postSolution
		SolutionGuid = {E3785420-9033-3762-809F-3642F2727120}
	EndGlobalSection
	GlobalSection(ExtensibilityAddIns) = postSolution
	EndGlobalSection
EndGlobal
